
Microsoft Visual Studio Solution File, Format Version 12.00
# Visual Studio Version 17
VisualStudioVersion = 17.2.32630.192
MinimumVisualStudioVersion = 10.0.40219.1
Project("{FAE04EC0-301F-11D3-BF4B-00C04F79EFBC}") = "RoutingExample", "RoutingExample\RoutingExample.csproj", "{BEEB79C7-BEA3-42FE-A53F-9D4574541E2C}"
EndProject
Global
	GlobalSection(SolutionConfigurationPlatforms) = preSolution
		Debug|Any CPU = Debug|Any CPU
		Release|Any CPU = Release|Any CPU
	EndGlobalSection
	GlobalSection(ProjectConfigurationPlatforms) = postSolution
		{BEEB79C7-BEA3-42FE-A53F-9D4574541E2C}.Debug|Any CPU.ActiveCfg = Debug|Any CPU
		{BEEB79C7-BEA3-42FE-A53F-9D4574541E2C}.Debug|Any CPU.Build.0 = Debug|Any CPU
		{BEEB79C7-BEA3-42FE-A53F-9D4574541E2C}.Release|Any CPU.ActiveCfg = Release|Any CPU
		{BEEB79C7-BEA3-42FE-A53F-9D4574541E2C}.Release|Any CPU.Build.0 = Release|Any CPU
	EndGlobalSection
	GlobalSection(SolutionProperties) = preSolution
		HideSolutionNode = FALSE
	EndGlobalSection
	GlobalSection(ExtensibilityGlobals) = postSolution
		SolutionGuid = {BAF467FB-AA7A-44DE-AABD-DE8BD0FE035A}
	EndGlobalSection
EndGlobal
